
Microsoft Visual Studio Solution File, Format Version 12.00
# Visual Studio Version 16
VisualStudioVersion = 16.0.31911.196
MinimumVisualStudioVersion = 10.0.40219.1
Project("{FAE04EC0-301F-11D3-BF4B-00C04F79EFBC}") = "Views", "Views\Views.csproj", "{740B30CD-6F89-4FB8-B243-4C767384B172}"
EndProject
Global
	GlobalSection(SolutionConfigurationPlatforms) = preSolution
		Debug|Any CPU = Debug|Any CPU
		Release|Any CPU = Release|Any CPU
	EndGlobalSection
	GlobalSection(ProjectConfigurationPlatforms) = postSolution
		{740B30CD-6F89-4FB8-B243-4C767384B172}.Debug|Any CPU.ActiveCfg = Debug|Any CPU
		{740B30CD-6F89-4FB8-B243-4C767384B172}.Debug|Any CPU.Build.0 = Debug|Any CPU
		{740B30CD-6F89-4FB8-B243-4C767384B172}.Release|Any CPU.ActiveCfg = Release|Any CPU
		{740B30CD-6F89-4FB8-B243-4C767384B172}.Release|Any CPU.Build.0 = Release|Any CPU
	EndGlobalSection
	GlobalSection(SolutionProperties) = preSolution
		HideSolutionNode = FALSE
	EndGlobalSection
	GlobalSection(ExtensibilityGlobals) = postSolution
		SolutionGuid = {2B29DCE7-3BF8-45D6-832B-F6A887548BEF}
	EndGlobalSection
EndGlobal
