
Microsoft Visual Studio Solution File, Format Version 12.00
# Visual Studio Version 16
VisualStudioVersion = 16.0.31911.196
MinimumVisualStudioVersion = 10.0.40219.1
Project("{FAE04EC0-301F-11D3-BF4B-00C04F79EFBC}") = "ProjectBackEnd", "ProjectBackEnd\ProjectBackEnd.csproj", "{A924EF6A-CF50-4D9B-9AA1-0EB35E6C649B}"
EndProject
Global
	GlobalSection(SolutionConfigurationPlatforms) = preSolution
		Debug|Any CPU = Debug|Any CPU
		Release|Any CPU = Release|Any CPU
	EndGlobalSection
	GlobalSection(ProjectConfigurationPlatforms) = postSolution
		{A924EF6A-CF50-4D9B-9AA1-0EB35E6C649B}.Debug|Any CPU.ActiveCfg = Debug|Any CPU
		{A924EF6A-CF50-4D9B-9AA1-0EB35E6C649B}.Debug|Any CPU.Build.0 = Debug|Any CPU
		{A924EF6A-CF50-4D9B-9AA1-0EB35E6C649B}.Release|Any CPU.ActiveCfg = Release|Any CPU
		{A924EF6A-CF50-4D9B-9AA1-0EB35E6C649B}.Release|Any CPU.Build.0 = Release|Any CPU
	EndGlobalSection
	GlobalSection(SolutionProperties) = preSolution
		HideSolutionNode = FALSE
	EndGlobalSection
	GlobalSection(ExtensibilityGlobals) = postSolution
		SolutionGuid = {81E537A0-EB67-487A-9068-254794E1FDB4}
	EndGlobalSection
EndGlobal
